// !$*UTF8*$!
{
	archiveVersion = 1;
	classes = {
	};
	objectVersion = 46;
	objects = {

/* Begin PBXBuildFile section */
		DFF2777A19BAE75C00912A7E /* main.swift in Sources */ = {isa = PBXBuildFile; fileRef = DFF2777919BAE75C00912A7E /* main.swift */; };
		DFF2778119BAE78E00912A7E /* CarFactory.swift in Sources */ = {isa = PBXBuildFile; fileRef = DFF2778019BAE78E00912A7E /* CarFactory.swift */; };
/* End PBXBuildFile section */

/* Begin PBXCopyFilesBuildPhase section */
		DFF2777419BAE75C00912A7E /* CopyFiles */ = {
			isa = PBXCopyFilesBuildPhase;
			buildActionMask = 2147483647;
			dstPath = /usr/share/man/man1/;
			dstSubfolderSpec = 0;
			files = (
			);
			runOnlyForDeploymentPostprocessing = 1;
		};
/* End PBXCopyFilesBuildPhase section */

/* Begin PBXFileReference section */
		DFF2777619BAE75C00912A7E /* First steps with xcode project */ = {isa = PBXFileReference; explicitFileType = "compiled.mach-o.executable"; includeInIndex = 0; path = "First steps with xcode project"; sourceTree = BUILT_PRODUCTS_DIR; };
		DFF2777919BAE75C00912A7E /* main.swift */ = {isa = PBXFileReference; lastKnownFileType = sourcecode.swift; path = main.swift; sourceTree = "<group>"; };
		DFF2778019BAE78E00912A7E /* CarFactory.swift */ = {isa = PBXFileReference; fileEncoding = 4; lastKnownFileType = sourcecode.swift; name = CarFactory.swift; path = ../CarFactory.swift; sourceTree = "<group>"; };
/* End PBXFileReference section */

/* Begin PBXFrameworksBuildPhase section */
		DFF2777319BAE75C00912A7E /* Frameworks */ = {
			isa = PBXFrameworksBuildPhase;
			buildActionMask = 2147483647;
			files = (
			);
			runOnlyForDeploymentPostprocessing = 0;
		};
/* End PBXFrameworksBuildPhase section */

/* Begin PBXGroup section */
		DFF2776D19BAE75C00912A7E = {
			isa = PBXGroup;
			children = (
				DFF2777819BAE75C00912A7E /* First steps with xcode project */,
				DFF2777719BAE75C00912A7E /* Products */,
			);
			sourceTree = "<group>";
		};
		DFF2777719BAE75C00912A7E /* Products */ = {
			isa = PBXGroup;
			children = (
				DFF2777619BAE75C00912A7E /* First steps with xcode project */,
			);
			name = Products;
			sourceTree = "<group>";
		};
		DFF2777819BAE75C00912A7E /* First steps with xcode project */ = {
			isa = PBXGroup;
			children = (
				DFF2778019BAE78E00912A7E /* CarFactory.swift */,
				DFF2777919BAE75C00912A7E /* main.swift */,
			);
			path = "First steps with xcode project";
			sourceTree = "<group>";
		};
/* End PBXGroup section */

/* Begin PBXNativeTarget section */
		DFF2777519BAE75C00912A7E /* First steps with xcode project */ = {
			isa = PBXNativeTarget;
			buildConfigurationList = DFF2777D19BAE75D00912A7E /* Build configuration list for PBXNativeTarget "First steps with xcode project" */;
			buildPhases = (
				DFF2777219BAE75C00912A7E /* Sources */,
				DFF2777319BAE75C00912A7E /* Frameworks */,
				DFF2777419BAE75C00912A7E /* CopyFiles */,
			);
			buildRules = (
			);
			dependencies = (
			);
			name = "First steps with xcode project";
			productName = "First steps with xcode project";
			productReference = DFF2777619BAE75C00912A7E /* First steps with xcode project */;
			productType = "com.apple.product-type.tool";
		};
/* End PBXNativeTarget section */

/* Begin PBXProject section */
		DFF2776E19BAE75C00912A7E /* Project object */ = {
			isa = PBXProject;
			attributes = {
				LastUpgradeCheck = 0600;
				ORGANIZATIONNAME = "Matt Porter";
				TargetAttributes = {
					DFF2777519BAE75C00912A7E = {
						CreatedOnToolsVersion = 6.0;
					};
				};
			};
			buildConfigurationList = DFF2777119BAE75C00912A7E /* Build configuration list for PBXProject "First steps with xcode project" */;
			compatibilityVersion = "Xcode 3.2";
			developmentRegion = English;
			hasScannedForEncodings = 0;
			knownRegions = (
				en,
			);
			mainGroup = DFF2776D19BAE75C00912A7E;
			productRefGroup = DFF2777719BAE75C00912A7E /* Products */;
			projectDirPath = "";
			projectRoot = "";
			targets = (
				DFF2777519BAE75C00912A7E /* First steps with xcode project */,
			);
		};
/* End PBXProject section */

/* Begin PBXSourcesBuildPhase section */
		DFF2777219BAE75C00912A7E /* Sources */ = {
			isa = PBXSourcesBuildPhase;
			buildActionMask = 2147483647;
			files = (
				DFF2777A19BAE75C00912A7E /* main.swift in Sources */,
				DFF2778119BAE78E00912A7E /* CarFactory.swift in Sources */,
			);
			runOnlyForDeploymentPostprocessing = 0;
		};
/* End PBXSourcesBuildPhase section */

/* Begin XCBuildConfiguration section */
		DFF2777B19BAE75C00912A7E /* Debug */ = {
			isa = XCBuildConfiguration;
			buildSettings = {
				ALWAYS_SEARCH_USER_PATHS = NO;
				CLANG_CXX_LANGUAGE_STANDARD = "gnu++0x";
				CLANG_CXX_LIBRARY = "libc++";
				CLANG_ENABLE_MODULES = YES;
				CLANG_ENABLE_OBJC_ARC = YES;
				CLANG_WARN_BOOL_CONVERSION = YES;
				CLANG_WARN_CONSTANT_CONVERSION = YES;
				CLANG_WARN_DIRECT_OBJC_ISA_USAGE = YES_ERROR;
				CLANG_WARN_EMPTY_BODY = YES;
				CLANG_WARN_ENUM_CONVERSION = YES;
				CLANG_WARN_INT_CONVERSION = YES;
				CLANG_WARN_OBJC_ROOT_CLASS = YES_ERROR;
				CLANG_WARN_UNREACHABLE_CODE = YES;
				CLANG_WARN__DUPLICATE_METHOD_MATCH = YES;
				COPY_PHASE_STRIP = NO;
				ENABLE_STRICT_OBJC_MSGSEND = YES;
				GCC_C_LANGUAGE_STANDARD = gnu99;
				GCC_DYNAMIC_NO_PIC = NO;
				GCC_OPTIMIZATION_LEVEL = 0;
				GCC_PREPROCESSOR_DEFINITIONS = (
					"DEBUG=1",
					"$(inherited)",
				);
				GCC_SYMBOLS_PRIVATE_EXTERN = NO;
				GCC_WARN_64_TO_32_BIT_CONVERSION = YES;
				GCC_WARN_ABOUT_RETURN_TYPE = YES_ERROR;
				GCC_WARN_UNDECLARED_SELECTOR = YES;
				GCC_WARN_UNINITIALIZED_AUTOS = YES_AGGRESSIVE;
				GCC_WARN_UNUSED_FUNCTION = YES;
				GCC_WARN_UNUSED_VARIABLE = YES;
				MACOSX_DEPLOYMENT_TARGET = 10.9;
				MTL_ENABLE_DEBUG_INFO = YES;
				ONLY_ACTIVE_ARCH = YES;
				SDKROOT = macosx;
				SWIFT_OPTIMIZATION_LEVEL = "-Onone";
			};
			name = Debug;
		};
		DFF2777C19BAE75C00912A7E /* Release */ = {
			isa = XCBuildConfiguration;
			buildSettings = {
				ALWAYS_SEARCH_USER_PATHS = NO;
				CLANG_CXX_LANGUAGE_STANDARD = "gnu++0x";
				CLANG_CXX_LIBRARY = "libc++";
				CLANG_ENABLE_MODULES = YES;
				CLANG_ENABLE_OBJC_ARC = YES;
				CLANG_WARN_BOOL_CONVERSION = YES;
				CLANG_WARN_CONSTANT_CONVERSION = YES;
				CLANG_WARN_DIRECT_OBJC_ISA_USAGE = YES_ERROR;
				CLANG_WARN_EMPTY_BODY = YES;
				CLANG_WARN_ENUM_CONVERSION = YES;
				CLANG_WARN_INT_CONVERSION = YES;
				CLANG_WARN_OBJC_ROOT_CLASS = YES_ERROR;
				CLANG_WARN_UNREACHABLE_CODE = YES;
				CLANG_WARN__DUPLICATE_METHOD_MATCH = YES;
				COPY_PHASE_STRIP = YES;
				DEBUG_INFORMATION_FORMAT = "dwarf-with-dsym";
				ENABLE_NS_ASSERTIONS = NO;
				ENABLE_STRICT_OBJC_MSGSEND = YES;
				GCC_C_LANGUAGE_STANDARD = gnu99;
				GCC_WARN_64_TO_32_BIT_CONVERSION = YES;
				GCC_WARN_ABOUT_RETURN_TYPE = YES_ERROR;
				GCC_WARN_UNDECLARED_SELECTOR = YES;
				GCC_WARN_UNINITIALIZED_AUTOS = YES_AGGRESSIVE;
				GCC_WARN_UNUSED_FUNCTION = YES;
				GCC_WARN_UNUSED_VARIABLE = YES;
				MACOSX_DEPLOYMENT_TARGET = 10.9;
				MTL_ENABLE_DEBUG_INFO = NO;
				SDKROOT = macosx;
			};
			name = Release;
		};
		DFF2777E19BAE75D00912A7E /* Debug */ = {
			isa = XCBuildConfiguration;
			buildSettings = {
				PRODUCT_NAME = "$(TARGET_NAME)";
			};
			name = Debug;
		};
		DFF2777F19BAE75D00912A7E /* Release */ = {
			isa = XCBuildConfiguration;
			buildSettings = {
				PRODUCT_NAME = "$(TARGET_NAME)";
			};
			name = Release;
		};
/* End XCBuildConfiguration section */

/* Begin XCConfigurationList section */
		DFF2777119BAE75C00912A7E /* Build configuration list for PBXProject "First steps with xcode project" */ = {
			isa = XCConfigurationList;
			buildConfigurations = (
				DFF2777B19BAE75C00912A7E /* Debug */,
				DFF2777C19BAE75C00912A7E /* Release */,
			);
			defaultConfigurationIsVisible = 0;
			defaultConfigurationName = Release;
		};
		DFF2777D19BAE75D00912A7E /* Build configuration list for PBXNativeTarget "First steps with xcode project" */ = {
			isa = XCConfigurationList;
			buildConfigurations = (
				DFF2777E19BAE75D00912A7E /* Debug */,
				DFF2777F19BAE75D00912A7E /* Release */,
			);
			defaultConfigurationIsVisible = 0;
		};
/* End XCConfigurationList section */
	};
	rootObject = DFF2776E19BAE75C00912A7E /* Project object */;
}
